
Microsoft Visual Studio Solution File, Format Version 12.00
# Visual Studio Version 17
VisualStudioVersion = 17.14.36414.22 d17.14
MinimumVisualStudioVersion = 10.0.40219.1
Project("{FAE04EC0-301F-11D3-BF4B-00C04F79EFBC}") = "MVVMBasic", "MVVMBasic\MVVMBasic.csproj", "{4356C662-D57E-47FE-9677-54040B313EFF}"
EndProject
Global
	GlobalSection(SolutionConfigurationPlatforms) = preSolution
		Debug|Any CPU = Debug|Any CPU
		Release|Any CPU = Release|Any CPU
	EndGlobalSection
	GlobalSection(ProjectConfigurationPlatforms) = postSolution
		{4356C662-D57E-47FE-9677-54040B313EFF}.Debug|Any CPU.ActiveCfg = Debug|Any CPU
		{4356C662-D57E-47FE-9677-54040B313EFF}.Debug|Any CPU.Build.0 = Debug|Any CPU
		{4356C662-D57E-47FE-9677-54040B313EFF}.Release|Any CPU.ActiveCfg = Release|Any CPU
		{4356C662-D57E-47FE-9677-54040B313EFF}.Release|Any CPU.Build.0 = Release|Any CPU
	EndGlobalSection
	GlobalSection(SolutionProperties) = preSolution
		HideSolutionNode = FALSE
	EndGlobalSection
	GlobalSection(ExtensibilityGlobals) = postSolution
		SolutionGuid = {11D5C613-3E3A-4E57-870F-C3888FBC5B15}
	EndGlobalSection
EndGlobal
